// !$*UTF8*$!
{
	archiveVersion = 1;
	classes = {
	};
	objectVersion = 46;
	objects = {

/* Begin PBXBuildFile section */
		C68606701C0B79830036084E /* AppDelegate.swift in Sources */ = {isa = PBXBuildFile; fileRef = C686066F1C0B79830036084E /* AppDelegate.swift */; };
		C68606721C0B79830036084E /* ViewController.swift in Sources */ = {isa = PBXBuildFile; fileRef = C68606711C0B79830036084E /* ViewController.swift */; };
		C68606751C0B79830036084E /* Main.storyboard in Resources */ = {isa = PBXBuildFile; fileRef = C68606731C0B79830036084E /* Main.storyboard */; };
		C68606771C0B79830036084E /* Assets.xcassets in Resources */ = {isa = PBXBuildFile; fileRef = C68606761C0B79830036084E /* Assets.xcassets */; };
		C686067A1C0B79830036084E /* LaunchScreen.storyboard in Resources */ = {isa = PBXBuildFile; fileRef = C68606781C0B79830036084E /* LaunchScreen.storyboard */; };
/* End PBXBuildFile section */

/* Begin PBXFileReference section */
		C686066C1C0B79830036084E /* Fandango.app */ = {isa = PBXFileReference; explicitFileType = wrapper.application; includeInIndex = 0; path = Fandango.app; sourceTree = BUILT_PRODUCTS_DIR; };
		C686066F1C0B79830036084E /* AppDelegate.swift */ = {isa = PBXFileReference; lastKnownFileType = sourcecode.swift; path = AppDelegate.swift; sourceTree = "<group>"; };
		C68606711C0B79830036084E /* ViewController.swift */ = {isa = PBXFileReference; lastKnownFileType = sourcecode.swift; path = ViewController.swift; sourceTree = "<group>"; };
		C68606741C0B79830036084E /* Base */ = {isa = PBXFileReference; lastKnownFileType = file.storyboard; name = Base; path = Base.lproj/Main.storyboard; sourceTree = "<group>"; };
		C68606761C0B79830036084E /* Assets.xcassets */ = {isa = PBXFileReference; lastKnownFileType = folder.assetcatalog; path = Assets.xcassets; sourceTree = "<group>"; };
		C68606791C0B79830036084E /* Base */ = {isa = PBXFileReference; lastKnownFileType = file.storyboard; name = Base; path = Base.lproj/LaunchScreen.storyboard; sourceTree = "<group>"; };
		C686067B1C0B79830036084E /* Info.plist */ = {isa = PBXFileReference; lastKnownFileType = text.plist.xml; path = Info.plist; sourceTree = "<group>"; };
/* End PBXFileReference section */

/* Begin PBXFrameworksBuildPhase section */
		C68606691C0B79830036084E /* Frameworks */ = {
			isa = PBXFrameworksBuildPhase;
			buildActionMask = 2147483647;
			files = (
			);
			runOnlyForDeploymentPostprocessing = 0;
		};
/* End PBXFrameworksBuildPhase section */

/* Begin PBXGroup section */
		C68606631C0B79830036084E = {
			isa = PBXGroup;
			children = (
				C686066E1C0B79830036084E /* Fandango */,
				C686066D1C0B79830036084E /* Products */,
			);
			sourceTree = "<group>";
		};
		C686066D1C0B79830036084E /* Products */ = {
			isa = PBXGroup;
			children = (
				C686066C1C0B79830036084E /* Fandango.app */,
			);
			name = Products;
			sourceTree = "<group>";
		};
		C686066E1C0B79830036084E /* Fandango */ = {
			isa = PBXGroup;
			children = (
				C686066F1C0B79830036084E /* AppDelegate.swift */,
				C68606711C0B79830036084E /* ViewController.swift */,
				C68606731C0B79830036084E /* Main.storyboard */,
				C68606761C0B79830036084E /* Assets.xcassets */,
				C68606781C0B79830036084E /* LaunchScreen.storyboard */,
				C686067B1C0B79830036084E /* Info.plist */,
			);
			path = Fandango;
			sourceTree = "<group>";
		};
/* End PBXGroup section */

/* Begin PBXNativeTarget section */
		C686066B1C0B79830036084E /* Fandango */ = {
			isa = PBXNativeTarget;
			buildConfigurationList = C686067E1C0B79830036084E /* Build configuration list for PBXNativeTarget "Fandango" */;
			buildPhases = (
				C68606681C0B79830036084E /* Sources */,
				C68606691C0B79830036084E /* Frameworks */,
				C686066A1C0B79830036084E /* Resources */,
			);
			buildRules = (
			);
			dependencies = (
			);
			name = Fandango;
			productName = Fandango;
			productReference = C686066C1C0B79830036084E /* Fandango.app */;
			productType = "com.apple.product-type.application";
		};
/* End PBXNativeTarget section */

/* Begin PBXProject section */
		C68606641C0B79830036084E /* Project object */ = {
			isa = PBXProject;
			attributes = {
				LastSwiftUpdateCheck = 0710;
				LastUpgradeCheck = 0710;
				ORGANIZATIONNAME = CFR;
				TargetAttributes = {
					C686066B1C0B79830036084E = {
						CreatedOnToolsVersion = 7.1.1;
					};
				};
			};
			buildConfigurationList = C68606671C0B79830036084E /* Build configuration list for PBXProject "Fandango" */;
			compatibilityVersion = "Xcode 3.2";
			developmentRegion = English;
			hasScannedForEncodings = 0;
			knownRegions = (
				en,
				Base,
			);
			mainGroup = C68606631C0B79830036084E;
			productRefGroup = C686066D1C0B79830036084E /* Products */;
			projectDirPath = "";
			projectRoot = "";
			targets = (
				C686066B1C0B79830036084E /* Fandango */,
			);
		};
/* End PBXProject section */

/* Begin PBXResourcesBuildPhase section */
		C686066A1C0B79830036084E /* Resources */ = {
			isa = PBXResourcesBuildPhase;
			buildActionMask = 2147483647;
			files = (
				C686067A1C0B79830036084E /* LaunchScreen.storyboard in Resources */,
				C68606771C0B79830036084E /* Assets.xcassets in Resources */,
				C68606751C0B79830036084E /* Main.storyboard in Resources */,
			);
			runOnlyForDeploymentPostprocessing = 0;
		};
/* End PBXResourcesBuildPhase section */

/* Begin PBXSourcesBuildPhase section */
		C68606681C0B79830036084E /* Sources */ = {
			isa = PBXSourcesBuildPhase;
			buildActionMask = 2147483647;
			files = (
				C68606721C0B79830036084E /* ViewController.swift in Sources */,
				C68606701C0B79830036084E /* AppDelegate.swift in Sources */,
			);
			runOnlyForDeploymentPostprocessing = 0;
		};
/* End PBXSourcesBuildPhase section */

/* Begin PBXVariantGroup section */
		C68606731C0B79830036084E /* Main.storyboard */ = {
			isa = PBXVariantGroup;
			children = (
				C68606741C0B79830036084E /* Base */,
			);
			name = Main.storyboard;
			sourceTree = "<group>";
		};
		C68606781C0B79830036084E /* LaunchScreen.storyboard */ = {
			isa = PBXVariantGroup;
			children = (
				C68606791C0B79830036084E /* Base */,
			);
			name = LaunchScreen.storyboard;
			sourceTree = "<group>";
		};
/* End PBXVariantGroup section */

/* Begin XCBuildConfiguration section */
		C686067C1C0B79830036084E /* Debug */ = {
			isa = XCBuildConfiguration;
			buildSettings = {
				ALWAYS_SEARCH_USER_PATHS = NO;
				CLANG_CXX_LANGUAGE_STANDARD = "gnu++0x";
				CLANG_CXX_LIBRARY = "libc++";
				CLANG_ENABLE_MODULES = YES;
				CLANG_ENABLE_OBJC_ARC = YES;
				CLANG_WARN_BOOL_CONVERSION = YES;
				CLANG_WARN_CONSTANT_CONVERSION = YES;
				CLANG_WARN_DIRECT_OBJC_ISA_USAGE = YES_ERROR;
				CLANG_WARN_EMPTY_BODY = YES;
				CLANG_WARN_ENUM_CONVERSION = YES;
				CLANG_WARN_INT_CONVERSION = YES;
				CLANG_WARN_OBJC_ROOT_CLASS = YES_ERROR;
				CLANG_WARN_UNREACHABLE_CODE = YES;
				CLANG_WARN__DUPLICATE_METHOD_MATCH = YES;
				"CODE_SIGN_IDENTITY[sdk=iphoneos*]" = "iPhone Developer";
				COPY_PHASE_STRIP = NO;
				DEBUG_INFORMATION_FORMAT = dwarf;
				ENABLE_STRICT_OBJC_MSGSEND = YES;
				ENABLE_TESTABILITY = YES;
				GCC_C_LANGUAGE_STANDARD = gnu99;
				GCC_DYNAMIC_NO_PIC = NO;
				GCC_NO_COMMON_BLOCKS = YES;
				GCC_OPTIMIZATION_LEVEL = 0;
				GCC_PREPROCESSOR_DEFINITIONS = (
					"DEBUG=1",
					"$(inherited)",
				);
				GCC_WARN_64_TO_32_BIT_CONVERSION = YES;
				GCC_WARN_ABOUT_RETURN_TYPE = YES_ERROR;
				GCC_WARN_UNDECLARED_SELECTOR = YES;
				GCC_WARN_UNINITIALIZED_AUTOS = YES_AGGRESSIVE;
				GCC_WARN_UNUSED_FUNCTION = YES;
				GCC_WARN_UNUSED_VARIABLE = YES;
				IPHONEOS_DEPLOYMENT_TARGET = 9.1;
				MTL_ENABLE_DEBUG_INFO = YES;
				ONLY_ACTIVE_ARCH = YES;
				SDKROOT = iphoneos;
				SWIFT_OPTIMIZATION_LEVEL = "-Onone";
			};
			name = Debug;
		};
		C686067D1C0B79830036084E /* Release */ = {
			isa = XCBuildConfiguration;
			buildSettings = {
				ALWAYS_SEARCH_USER_PATHS = NO;
				CLANG_CXX_LANGUAGE_STANDARD = "gnu++0x";
				CLANG_CXX_LIBRARY = "libc++";
				CLANG_ENABLE_MODULES = YES;
				CLANG_ENABLE_OBJC_ARC = YES;
				CLANG_WARN_BOOL_CONVERSION = YES;
				CLANG_WARN_CONSTANT_CONVERSION = YES;
				CLANG_WARN_DIRECT_OBJC_ISA_USAGE = YES_ERROR;
				CLANG_WARN_EMPTY_BODY = YES;
				CLANG_WARN_ENUM_CONVERSION = YES;
				CLANG_WARN_INT_CONVERSION = YES;
				CLANG_WARN_OBJC_ROOT_CLASS = YES_ERROR;
				CLANG_WARN_UNREACHABLE_CODE = YES;
				CLANG_WARN__DUPLICATE_METHOD_MATCH = YES;
				"CODE_SIGN_IDENTITY[sdk=iphoneos*]" = "iPhone Developer";
				COPY_PHASE_STRIP = NO;
				DEBUG_INFORMATION_FORMAT = "dwarf-with-dsym";
				ENABLE_NS_ASSERTIONS = NO;
				ENABLE_STRICT_OBJC_MSGSEND = YES;
				GCC_C_LANGUAGE_STANDARD = gnu99;
				GCC_NO_COMMON_BLOCKS = YES;
				GCC_WARN_64_TO_32_BIT_CONVERSION = YES;
				GCC_WARN_ABOUT_RETURN_TYPE = YES_ERROR;
				GCC_WARN_UNDECLARED_SELECTOR = YES;
				GCC_WARN_UNINITIALIZED_AUTOS = YES_AGGRESSIVE;
				GCC_WARN_UNUSED_FUNCTION = YES;
				GCC_WARN_UNUSED_VARIABLE = YES;
				IPHONEOS_DEPLOYMENT_TARGET = 9.1;
				MTL_ENABLE_DEBUG_INFO = NO;
				SDKROOT = iphoneos;
				VALIDATE_PRODUCT = YES;
			};
			name = Release;
		};
		C686067F1C0B79830036084E /* Debug */ = {
			isa = XCBuildConfiguration;
			buildSettings = {
				ASSETCATALOG_COMPILER_APPICON_NAME = AppIcon;
				INFOPLIST_FILE = Fandango/Info.plist;
				LD_RUNPATH_SEARCH_PATHS = "$(inherited) @executable_path/Frameworks";
				PRODUCT_BUNDLE_IDENTIFIER = edu.gvsu.cis623.cfr.Fandango;
				PRODUCT_NAME = "$(TARGET_NAME)";
			};
			name = Debug;
		};
		C68606801C0B79830036084E /* Release */ = {
			isa = XCBuildConfiguration;
			buildSettings = {
				ASSETCATALOG_COMPILER_APPICON_NAME = AppIcon;
				INFOPLIST_FILE = Fandango/Info.plist;
				LD_RUNPATH_SEARCH_PATHS = "$(inherited) @executable_path/Frameworks";
				PRODUCT_BUNDLE_IDENTIFIER = edu.gvsu.cis623.cfr.Fandango;
				PRODUCT_NAME = "$(TARGET_NAME)";
			};
			name = Release;
		};
/* End XCBuildConfiguration section */

/* Begin XCConfigurationList section */
		C68606671C0B79830036084E /* Build configuration list for PBXProject "Fandango" */ = {
			isa = XCConfigurationList;
			buildConfigurations = (
				C686067C1C0B79830036084E /* Debug */,
				C686067D1C0B79830036084E /* Release */,
			);
			defaultConfigurationIsVisible = 0;
			defaultConfigurationName = Release;
		};
		C686067E1C0B79830036084E /* Build configuration list for PBXNativeTarget "Fandango" */ = {
			isa = XCConfigurationList;
			buildConfigurations = (
				C686067F1C0B79830036084E /* Debug */,
				C68606801C0B79830036084E /* Release */,
			);
			defaultConfigurationIsVisible = 0;
		};
/* End XCConfigurationList section */
	};
	rootObject = C68606641C0B79830036084E /* Project object */;
}
